
Microsoft Visual Studio Solution File, Format Version 12.00
# Visual Studio Version 17
VisualStudioVersion = 17.11.35303.130
MinimumVisualStudioVersion = 10.0.40219.1
Project("{FAE04EC0-301F-11D3-BF4B-00C04F79EFBC}") = "MovieBookingSystem", "MovieBookingSystem\MovieBookingSystem.csproj", "{255C1D57-5167-45B4-8C0A-D57C044A181F}"
EndProject
Global
	GlobalSection(SolutionConfigurationPlatforms) = preSolution
		Debug|Any CPU = Debug|Any CPU
		Release|Any CPU = Release|Any CPU
	EndGlobalSection
	GlobalSection(ProjectConfigurationPlatforms) = postSolution
		{255C1D57-5167-45B4-8C0A-D57C044A181F}.Debug|Any CPU.ActiveCfg = Debug|Any CPU
		{255C1D57-5167-45B4-8C0A-D57C044A181F}.Debug|Any CPU.Build.0 = Debug|Any CPU
		{255C1D57-5167-45B4-8C0A-D57C044A181F}.Release|Any CPU.ActiveCfg = Release|Any CPU
		{255C1D57-5167-45B4-8C0A-D57C044A181F}.Release|Any CPU.Build.0 = Release|Any CPU
	EndGlobalSection
	GlobalSection(SolutionProperties) = preSolution
		HideSolutionNode = FALSE
	EndGlobalSection
	GlobalSection(ExtensibilityGlobals) = postSolution
		SolutionGuid = {AE0F1139-C287-46E5-BB06-8E5CAA0F04F5}
	EndGlobalSection
EndGlobal
